// !$*UTF8*$!
{
	archiveVersion = 1;
	classes = {
	};
	objectVersion = 50;
	objects = {

/* Begin PBXBuildFile section */
		C04AF51E24D34ADC0054686E /* CREDExpandableView.framework in Frameworks */ = {isa = PBXBuildFile; fileRef = C04AF51424D34ADC0054686E /* CREDExpandableView.framework */; };
		C04AF52324D34ADC0054686E /* CREDExpandableViewTests.swift in Sources */ = {isa = PBXBuildFile; fileRef = C04AF52224D34ADC0054686E /* CREDExpandableViewTests.swift */; };
		C04AF52524D34ADC0054686E /* CREDExpandableView.h in Headers */ = {isa = PBXBuildFile; fileRef = C04AF51724D34ADC0054686E /* CREDExpandableView.h */; settings = {ATTRIBUTES = (Public, ); }; };
		C0E9687124D34EA200D26CCB /* CREDExpandableView.swift in Sources */ = {isa = PBXBuildFile; fileRef = C0E9687024D34EA200D26CCB /* CREDExpandableView.swift */; };
		C0E9687624D34F9A00D26CCB /* CREDErrors.swift in Sources */ = {isa = PBXBuildFile; fileRef = C0E9687524D34F9A00D26CCB /* CREDErrors.swift */; };
		C0E9687824D350A000D26CCB /* CREDConfig.swift in Sources */ = {isa = PBXBuildFile; fileRef = C0E9687724D350A000D26CCB /* CREDConfig.swift */; };
		C0E9687B24D3547B00D26CCB /* CREDButton.swift in Sources */ = {isa = PBXBuildFile; fileRef = C0E9687A24D3547B00D26CCB /* CREDButton.swift */; };
		C0E9687D24D3548900D26CCB /* CREDLabel.swift in Sources */ = {isa = PBXBuildFile; fileRef = C0E9687C24D3548900D26CCB /* CREDLabel.swift */; };
		C0E9687F24D3552A00D26CCB /* CREDView.swift in Sources */ = {isa = PBXBuildFile; fileRef = C0E9687E24D3552A00D26CCB /* CREDView.swift */; };
/* End PBXBuildFile section */

/* Begin PBXContainerItemProxy section */
		C04AF51F24D34ADC0054686E /* PBXContainerItemProxy */ = {
			isa = PBXContainerItemProxy;
			containerPortal = C04AF50B24D34ADC0054686E /* Project object */;
			proxyType = 1;
			remoteGlobalIDString = C04AF51324D34ADC0054686E;
			remoteInfo = CREDExpandableView;
		};
		C04AF56124D34B1C0054686E /* PBXContainerItemProxy */ = {
			isa = PBXContainerItemProxy;
			containerPortal = C04AF55C24D34B1B0054686E /* CREDExpandableViewExample.xcodeproj */;
			proxyType = 2;
			remoteGlobalIDString = C04AF53724D34B190054686E;
			remoteInfo = CREDExpandableViewExample;
		};
		C04AF56324D34B1C0054686E /* PBXContainerItemProxy */ = {
			isa = PBXContainerItemProxy;
			containerPortal = C04AF55C24D34B1B0054686E /* CREDExpandableViewExample.xcodeproj */;
			proxyType = 2;
			remoteGlobalIDString = C04AF54D24D34B1A0054686E;
			remoteInfo = CREDExpandableViewExampleTests;
		};
/* End PBXContainerItemProxy section */

/* Begin PBXFileReference section */
		C04AF51424D34ADC0054686E /* CREDExpandableView.framework */ = {isa = PBXFileReference; explicitFileType = wrapper.framework; includeInIndex = 0; path = CREDExpandableView.framework; sourceTree = BUILT_PRODUCTS_DIR; };
		C04AF51724D34ADC0054686E /* CREDExpandableView.h */ = {isa = PBXFileReference; lastKnownFileType = sourcecode.c.h; path = CREDExpandableView.h; sourceTree = "<group>"; };
		C04AF51824D34ADC0054686E /* Info.plist */ = {isa = PBXFileReference; lastKnownFileType = text.plist.xml; path = Info.plist; sourceTree = "<group>"; };
		C04AF51D24D34ADC0054686E /* CREDExpandableViewTests.xctest */ = {isa = PBXFileReference; explicitFileType = wrapper.cfbundle; includeInIndex = 0; path = CREDExpandableViewTests.xctest; sourceTree = BUILT_PRODUCTS_DIR; };
		C04AF52224D34ADC0054686E /* CREDExpandableViewTests.swift */ = {isa = PBXFileReference; lastKnownFileType = sourcecode.swift; path = CREDExpandableViewTests.swift; sourceTree = "<group>"; };
		C04AF52424D34ADC0054686E /* Info.plist */ = {isa = PBXFileReference; lastKnownFileType = text.plist.xml; path = Info.plist; sourceTree = "<group>"; };
		C04AF55C24D34B1B0054686E /* CREDExpandableViewExample.xcodeproj */ = {isa = PBXFileReference; lastKnownFileType = "wrapper.pb-project"; name = CREDExpandableViewExample.xcodeproj; path = CREDExpandableViewExample/CREDExpandableViewExample.xcodeproj; sourceTree = "<group>"; };
		C0E9687024D34EA200D26CCB /* CREDExpandableView.swift */ = {isa = PBXFileReference; lastKnownFileType = sourcecode.swift; path = CREDExpandableView.swift; sourceTree = "<group>"; };
		C0E9687524D34F9A00D26CCB /* CREDErrors.swift */ = {isa = PBXFileReference; lastKnownFileType = sourcecode.swift; path = CREDErrors.swift; sourceTree = "<group>"; };
		C0E9687724D350A000D26CCB /* CREDConfig.swift */ = {isa = PBXFileReference; lastKnownFileType = sourcecode.swift; path = CREDConfig.swift; sourceTree = "<group>"; };
		C0E9687A24D3547B00D26CCB /* CREDButton.swift */ = {isa = PBXFileReference; lastKnownFileType = sourcecode.swift; path = CREDButton.swift; sourceTree = "<group>"; };
		C0E9687C24D3548900D26CCB /* CREDLabel.swift */ = {isa = PBXFileReference; lastKnownFileType = sourcecode.swift; path = CREDLabel.swift; sourceTree = "<group>"; };
		C0E9687E24D3552A00D26CCB /* CREDView.swift */ = {isa = PBXFileReference; lastKnownFileType = sourcecode.swift; path = CREDView.swift; sourceTree = "<group>"; };
/* End PBXFileReference section */

/* Begin PBXFrameworksBuildPhase section */
		C04AF51124D34ADC0054686E /* Frameworks */ = {
			isa = PBXFrameworksBuildPhase;
			buildActionMask = 2147483647;
			files = (
			);
			runOnlyForDeploymentPostprocessing = 0;
		};
		C04AF51A24D34ADC0054686E /* Frameworks */ = {
			isa = PBXFrameworksBuildPhase;
			buildActionMask = 2147483647;
			files = (
				C04AF51E24D34ADC0054686E /* CREDExpandableView.framework in Frameworks */,
			);
			runOnlyForDeploymentPostprocessing = 0;
		};
/* End PBXFrameworksBuildPhase section */

/* Begin PBXGroup section */
		C04AF50A24D34ADC0054686E = {
			isa = PBXGroup;
			children = (
				C04AF55C24D34B1B0054686E /* CREDExpandableViewExample.xcodeproj */,
				C04AF51624D34ADC0054686E /* CREDExpandableView */,
				C04AF52124D34ADC0054686E /* CREDExpandableViewTests */,
				C04AF51524D34ADC0054686E /* Products */,
			);
			sourceTree = "<group>";
		};
		C04AF51524D34ADC0054686E /* Products */ = {
			isa = PBXGroup;
			children = (
				C04AF51424D34ADC0054686E /* CREDExpandableView.framework */,
				C04AF51D24D34ADC0054686E /* CREDExpandableViewTests.xctest */,
			);
			name = Products;
			sourceTree = "<group>";
		};
		C04AF51624D34ADC0054686E /* CREDExpandableView */ = {
			isa = PBXGroup;
			children = (
				C0E9687924D3546B00D26CCB /* Models */,
				C0E9687424D34F8C00D26CCB /* Constants */,
				C04AF51724D34ADC0054686E /* CREDExpandableView.h */,
				C04AF51824D34ADC0054686E /* Info.plist */,
				C0E9687024D34EA200D26CCB /* CREDExpandableView.swift */,
			);
			path = CREDExpandableView;
			sourceTree = "<group>";
		};
		C04AF52124D34ADC0054686E /* CREDExpandableViewTests */ = {
			isa = PBXGroup;
			children = (
				C04AF52224D34ADC0054686E /* CREDExpandableViewTests.swift */,
				C04AF52424D34ADC0054686E /* Info.plist */,
			);
			path = CREDExpandableViewTests;
			sourceTree = "<group>";
		};
		C04AF55D24D34B1B0054686E /* Products */ = {
			isa = PBXGroup;
			children = (
				C04AF56224D34B1C0054686E /* CREDExpandableViewExample.app */,
				C04AF56424D34B1C0054686E /* CREDExpandableViewExampleTests.xctest */,
			);
			name = Products;
			sourceTree = "<group>";
		};
		C0E9687424D34F8C00D26CCB /* Constants */ = {
			isa = PBXGroup;
			children = (
				C0E9687524D34F9A00D26CCB /* CREDErrors.swift */,
				C0E9687724D350A000D26CCB /* CREDConfig.swift */,
			);
			path = Constants;
			sourceTree = "<group>";
		};
		C0E9687924D3546B00D26CCB /* Models */ = {
			isa = PBXGroup;
			children = (
				C0E9687A24D3547B00D26CCB /* CREDButton.swift */,
				C0E9687C24D3548900D26CCB /* CREDLabel.swift */,
				C0E9687E24D3552A00D26CCB /* CREDView.swift */,
			);
			path = Models;
			sourceTree = "<group>";
		};
/* End PBXGroup section */

/* Begin PBXHeadersBuildPhase section */
		C04AF50F24D34ADC0054686E /* Headers */ = {
			isa = PBXHeadersBuildPhase;
			buildActionMask = 2147483647;
			files = (
				C04AF52524D34ADC0054686E /* CREDExpandableView.h in Headers */,
			);
			runOnlyForDeploymentPostprocessing = 0;
		};
/* End PBXHeadersBuildPhase section */

/* Begin PBXNativeTarget section */
		C04AF51324D34ADC0054686E /* CREDExpandableView */ = {
			isa = PBXNativeTarget;
			buildConfigurationList = C04AF52824D34ADC0054686E /* Build configuration list for PBXNativeTarget "CREDExpandableView" */;
			buildPhases = (
				C04AF50F24D34ADC0054686E /* Headers */,
				C04AF51024D34ADC0054686E /* Sources */,
				C04AF51124D34ADC0054686E /* Frameworks */,
				C04AF51224D34ADC0054686E /* Resources */,
			);
			buildRules = (
			);
			dependencies = (
			);
			name = CREDExpandableView;
			productName = CREDExpandableView;
			productReference = C04AF51424D34ADC0054686E /* CREDExpandableView.framework */;
			productType = "com.apple.product-type.framework";
		};
		C04AF51C24D34ADC0054686E /* CREDExpandableViewTests */ = {
			isa = PBXNativeTarget;
			buildConfigurationList = C04AF52B24D34ADC0054686E /* Build configuration list for PBXNativeTarget "CREDExpandableViewTests" */;
			buildPhases = (
				C04AF51924D34ADC0054686E /* Sources */,
				C04AF51A24D34ADC0054686E /* Frameworks */,
				C04AF51B24D34ADC0054686E /* Resources */,
			);
			buildRules = (
			);
			dependencies = (
				C04AF52024D34ADC0054686E /* PBXTargetDependency */,
			);
			name = CREDExpandableViewTests;
			productName = CREDExpandableViewTests;
			productReference = C04AF51D24D34ADC0054686E /* CREDExpandableViewTests.xctest */;
			productType = "com.apple.product-type.bundle.unit-test";
		};
/* End PBXNativeTarget section */

/* Begin PBXProject section */
		C04AF50B24D34ADC0054686E /* Project object */ = {
			isa = PBXProject;
			attributes = {
				LastSwiftUpdateCheck = 1160;
				LastUpgradeCheck = 1160;
				ORGANIZATIONNAME = Personal;
				TargetAttributes = {
					C04AF51324D34ADC0054686E = {
						CreatedOnToolsVersion = 11.6;
						LastSwiftMigration = 1160;
					};
					C04AF51C24D34ADC0054686E = {
						CreatedOnToolsVersion = 11.6;
					};
				};
			};
			buildConfigurationList = C04AF50E24D34ADC0054686E /* Build configuration list for PBXProject "CREDExpandableView" */;
			compatibilityVersion = "Xcode 9.3";
			developmentRegion = en;
			hasScannedForEncodings = 0;
			knownRegions = (
				en,
				Base,
			);
			mainGroup = C04AF50A24D34ADC0054686E;
			productRefGroup = C04AF51524D34ADC0054686E /* Products */;
			projectDirPath = "";
			projectReferences = (
				{
					ProductGroup = C04AF55D24D34B1B0054686E /* Products */;
					ProjectRef = C04AF55C24D34B1B0054686E /* CREDExpandableViewExample.xcodeproj */;
				},
			);
			projectRoot = "";
			targets = (
				C04AF51324D34ADC0054686E /* CREDExpandableView */,
				C04AF51C24D34ADC0054686E /* CREDExpandableViewTests */,
			);
		};
/* End PBXProject section */

/* Begin PBXReferenceProxy section */
		C04AF56224D34B1C0054686E /* CREDExpandableViewExample.app */ = {
			isa = PBXReferenceProxy;
			fileType = wrapper.application;
			path = CREDExpandableViewExample.app;
			remoteRef = C04AF56124D34B1C0054686E /* PBXContainerItemProxy */;
			sourceTree = BUILT_PRODUCTS_DIR;
		};
		C04AF56424D34B1C0054686E /* CREDExpandableViewExampleTests.xctest */ = {
			isa = PBXReferenceProxy;
			fileType = wrapper.cfbundle;
			path = CREDExpandableViewExampleTests.xctest;
			remoteRef = C04AF56324D34B1C0054686E /* PBXContainerItemProxy */;
			sourceTree = BUILT_PRODUCTS_DIR;
		};
/* End PBXReferenceProxy section */

/* Begin PBXResourcesBuildPhase section */
		C04AF51224D34ADC0054686E /* Resources */ = {
			isa = PBXResourcesBuildPhase;
			buildActionMask = 2147483647;
			files = (
			);
			runOnlyForDeploymentPostprocessing = 0;
		};
		C04AF51B24D34ADC0054686E /* Resources */ = {
			isa = PBXResourcesBuildPhase;
			buildActionMask = 2147483647;
			files = (
			);
			runOnlyForDeploymentPostprocessing = 0;
		};
/* End PBXResourcesBuildPhase section */

/* Begin PBXSourcesBuildPhase section */
		C04AF51024D34ADC0054686E /* Sources */ = {
			isa = PBXSourcesBuildPhase;
			buildActionMask = 2147483647;
			files = (
				C0E9687F24D3552A00D26CCB /* CREDView.swift in Sources */,
				C0E9687824D350A000D26CCB /* CREDConfig.swift in Sources */,
				C0E9687B24D3547B00D26CCB /* CREDButton.swift in Sources */,
				C0E9687D24D3548900D26CCB /* CREDLabel.swift in Sources */,
				C0E9687624D34F9A00D26CCB /* CREDErrors.swift in Sources */,
				C0E9687124D34EA200D26CCB /* CREDExpandableView.swift in Sources */,
			);
			runOnlyForDeploymentPostprocessing = 0;
		};
		C04AF51924D34ADC0054686E /* Sources */ = {
			isa = PBXSourcesBuildPhase;
			buildActionMask = 2147483647;
			files = (
				C04AF52324D34ADC0054686E /* CREDExpandableViewTests.swift in Sources */,
			);
			runOnlyForDeploymentPostprocessing = 0;
		};
/* End PBXSourcesBuildPhase section */

/* Begin PBXTargetDependency section */
		C04AF52024D34ADC0054686E /* PBXTargetDependency */ = {
			isa = PBXTargetDependency;
			target = C04AF51324D34ADC0054686E /* CREDExpandableView */;
			targetProxy = C04AF51F24D34ADC0054686E /* PBXContainerItemProxy */;
		};
/* End PBXTargetDependency section */

/* Begin XCBuildConfiguration section */
		C04AF52624D34ADC0054686E /* Debug */ = {
			isa = XCBuildConfiguration;
			buildSettings = {
				ALWAYS_SEARCH_USER_PATHS = NO;
				CLANG_ANALYZER_NONNULL = YES;
				CLANG_ANALYZER_NUMBER_OBJECT_CONVERSION = YES_AGGRESSIVE;
				CLANG_CXX_LANGUAGE_STANDARD = "gnu++14";
				CLANG_CXX_LIBRARY = "libc++";
				CLANG_ENABLE_MODULES = YES;
				CLANG_ENABLE_OBJC_ARC = YES;
				CLANG_ENABLE_OBJC_WEAK = YES;
				CLANG_WARN_BLOCK_CAPTURE_AUTORELEASING = YES;
				CLANG_WARN_BOOL_CONVERSION = YES;
				CLANG_WARN_COMMA = YES;
				CLANG_WARN_CONSTANT_CONVERSION = YES;
				CLANG_WARN_DEPRECATED_OBJC_IMPLEMENTATIONS = YES;
				CLANG_WARN_DIRECT_OBJC_ISA_USAGE = YES_ERROR;
				CLANG_WARN_DOCUMENTATION_COMMENTS = YES;
				CLANG_WARN_EMPTY_BODY = YES;
				CLANG_WARN_ENUM_CONVERSION = YES;
				CLANG_WARN_INFINITE_RECURSION = YES;
				CLANG_WARN_INT_CONVERSION = YES;
				CLANG_WARN_NON_LITERAL_NULL_CONVERSION = YES;
				CLANG_WARN_OBJC_IMPLICIT_RETAIN_SELF = YES;
				CLANG_WARN_OBJC_LITERAL_CONVERSION = YES;
				CLANG_WARN_OBJC_ROOT_CLASS = YES_ERROR;
				CLANG_WARN_RANGE_LOOP_ANALYSIS = YES;
				CLANG_WARN_STRICT_PROTOTYPES = YES;
				CLANG_WARN_SUSPICIOUS_MOVE = YES;
				CLANG_WARN_UNGUARDED_AVAILABILITY = YES_AGGRESSIVE;
				CLANG_WARN_UNREACHABLE_CODE = YES;
				CLANG_WARN__DUPLICATE_METHOD_MATCH = YES;
				COPY_PHASE_STRIP = NO;
				CURRENT_PROJECT_VERSION = 1;
				DEBUG_INFORMATION_FORMAT = dwarf;
				ENABLE_STRICT_OBJC_MSGSEND = YES;
				ENABLE_TESTABILITY = YES;
				GCC_C_LANGUAGE_STANDARD = gnu11;
				GCC_DYNAMIC_NO_PIC = NO;
				GCC_NO_COMMON_BLOCKS = YES;
				GCC_OPTIMIZATION_LEVEL = 0;
				GCC_PREPROCESSOR_DEFINITIONS = (
					"DEBUG=1",
					"$(inherited)",
				);
				GCC_WARN_64_TO_32_BIT_CONVERSION = YES;
				GCC_WARN_ABOUT_RETURN_TYPE = YES_ERROR;
				GCC_WARN_UNDECLARED_SELECTOR = YES;
				GCC_WARN_UNINITIALIZED_AUTOS = YES_AGGRESSIVE;
				GCC_WARN_UNUSED_FUNCTION = YES;
				GCC_WARN_UNUSED_VARIABLE = YES;
				IPHONEOS_DEPLOYMENT_TARGET = 13.6;
				MTL_ENABLE_DEBUG_INFO = INCLUDE_SOURCE;
				MTL_FAST_MATH = YES;
				ONLY_ACTIVE_ARCH = YES;
				SDKROOT = iphoneos;
				SWIFT_ACTIVE_COMPILATION_CONDITIONS = DEBUG;
				SWIFT_OPTIMIZATION_LEVEL = "-Onone";
				VERSIONING_SYSTEM = "apple-generic";
				VERSION_INFO_PREFIX = "";
			};
			name = Debug;
		};
		C04AF52724D34ADC0054686E /* Release */ = {
			isa = XCBuildConfiguration;
			buildSettings = {
				ALWAYS_SEARCH_USER_PATHS = NO;
				CLANG_ANALYZER_NONNULL = YES;
				CLANG_ANALYZER_NUMBER_OBJECT_CONVERSION = YES_AGGRESSIVE;
				CLANG_CXX_LANGUAGE_STANDARD = "gnu++14";
				CLANG_CXX_LIBRARY = "libc++";
				CLANG_ENABLE_MODULES = YES;
				CLANG_ENABLE_OBJC_ARC = YES;
				CLANG_ENABLE_OBJC_WEAK = YES;
				CLANG_WARN_BLOCK_CAPTURE_AUTORELEASING = YES;
				CLANG_WARN_BOOL_CONVERSION = YES;
				CLANG_WARN_COMMA = YES;
				CLANG_WARN_CONSTANT_CONVERSION = YES;
				CLANG_WARN_DEPRECATED_OBJC_IMPLEMENTATIONS = YES;
				CLANG_WARN_DIRECT_OBJC_ISA_USAGE = YES_ERROR;
				CLANG_WARN_DOCUMENTATION_COMMENTS = YES;
				CLANG_WARN_EMPTY_BODY = YES;
				CLANG_WARN_ENUM_CONVERSION = YES;
				CLANG_WARN_INFINITE_RECURSION = YES;
				CLANG_WARN_INT_CONVERSION = YES;
				CLANG_WARN_NON_LITERAL_NULL_CONVERSION = YES;
				CLANG_WARN_OBJC_IMPLICIT_RETAIN_SELF = YES;
				CLANG_WARN_OBJC_LITERAL_CONVERSION = YES;
				CLANG_WARN_OBJC_ROOT_CLASS = YES_ERROR;
				CLANG_WARN_RANGE_LOOP_ANALYSIS = YES;
				CLANG_WARN_STRICT_PROTOTYPES = YES;
				CLANG_WARN_SUSPICIOUS_MOVE = YES;
				CLANG_WARN_UNGUARDED_AVAILABILITY = YES_AGGRESSIVE;
				CLANG_WARN_UNREACHABLE_CODE = YES;
				CLANG_WARN__DUPLICATE_METHOD_MATCH = YES;
				COPY_PHASE_STRIP = NO;
				CURRENT_PROJECT_VERSION = 1;
				DEBUG_INFORMATION_FORMAT = "dwarf-with-dsym";
				ENABLE_NS_ASSERTIONS = NO;
				ENABLE_STRICT_OBJC_MSGSEND = YES;
				GCC_C_LANGUAGE_STANDARD = gnu11;
				GCC_NO_COMMON_BLOCKS = YES;
				GCC_WARN_64_TO_32_BIT_CONVERSION = YES;
				GCC_WARN_ABOUT_RETURN_TYPE = YES_ERROR;
				GCC_WARN_UNDECLARED_SELECTOR = YES;
				GCC_WARN_UNINITIALIZED_AUTOS = YES_AGGRESSIVE;
				GCC_WARN_UNUSED_FUNCTION = YES;
				GCC_WARN_UNUSED_VARIABLE = YES;
				IPHONEOS_DEPLOYMENT_TARGET = 13.6;
				MTL_ENABLE_DEBUG_INFO = NO;
				MTL_FAST_MATH = YES;
				SDKROOT = iphoneos;
				SWIFT_COMPILATION_MODE = wholemodule;
				SWIFT_OPTIMIZATION_LEVEL = "-O";
				VALIDATE_PRODUCT = YES;
				VERSIONING_SYSTEM = "apple-generic";
				VERSION_INFO_PREFIX = "";
			};
			name = Release;
		};
		C04AF52924D34ADC0054686E /* Debug */ = {
			isa = XCBuildConfiguration;
			buildSettings = {
				CLANG_ENABLE_MODULES = YES;
				CODE_SIGN_STYLE = Automatic;
				DEFINES_MODULE = YES;
				DEVELOPMENT_TEAM = 5UGDG4B2MG;
				DYLIB_COMPATIBILITY_VERSION = 1;
				DYLIB_CURRENT_VERSION = 1;
				DYLIB_INSTALL_NAME_BASE = "@rpath";
				INFOPLIST_FILE = CREDExpandableView/Info.plist;
				INSTALL_PATH = "$(LOCAL_LIBRARY_DIR)/Frameworks";
				IPHONEOS_DEPLOYMENT_TARGET = 12.0;
				LD_RUNPATH_SEARCH_PATHS = (
					"$(inherited)",
					"@executable_path/Frameworks",
					"@loader_path/Frameworks",
				);
				PRODUCT_BUNDLE_IDENTIFIER = com.prakhar.CREDExpandableView;
				PRODUCT_NAME = "$(TARGET_NAME:c99extidentifier)";
				SKIP_INSTALL = YES;
				SUPPORTS_MACCATALYST = NO;
				SWIFT_OPTIMIZATION_LEVEL = "-Onone";
				SWIFT_VERSION = 5.0;
				TARGETED_DEVICE_FAMILY = 1;
			};
			name = Debug;
		};
		C04AF52A24D34ADC0054686E /* Release */ = {
			isa = XCBuildConfiguration;
			buildSettings = {
				CLANG_ENABLE_MODULES = YES;
				CODE_SIGN_STYLE = Automatic;
				DEFINES_MODULE = YES;
				DEVELOPMENT_TEAM = 5UGDG4B2MG;
				DYLIB_COMPATIBILITY_VERSION = 1;
				DYLIB_CURRENT_VERSION = 1;
				DYLIB_INSTALL_NAME_BASE = "@rpath";
				INFOPLIST_FILE = CREDExpandableView/Info.plist;
				INSTALL_PATH = "$(LOCAL_LIBRARY_DIR)/Frameworks";
				IPHONEOS_DEPLOYMENT_TARGET = 12.0;
				LD_RUNPATH_SEARCH_PATHS = (
					"$(inherited)",
					"@executable_path/Frameworks",
					"@loader_path/Frameworks",
				);
				PRODUCT_BUNDLE_IDENTIFIER = com.prakhar.CREDExpandableView;
				PRODUCT_NAME = "$(TARGET_NAME:c99extidentifier)";
				SKIP_INSTALL = YES;
				SUPPORTS_MACCATALYST = NO;
				SWIFT_VERSION = 5.0;
				TARGETED_DEVICE_FAMILY = 1;
			};
			name = Release;
		};
		C04AF52C24D34ADC0054686E /* Debug */ = {
			isa = XCBuildConfiguration;
			buildSettings = {
				ALWAYS_EMBED_SWIFT_STANDARD_LIBRARIES = YES;
				CODE_SIGN_STYLE = Automatic;
				DEVELOPMENT_TEAM = 5UGDG4B2MG;
				INFOPLIST_FILE = CREDExpandableViewTests/Info.plist;
				LD_RUNPATH_SEARCH_PATHS = (
					"$(inherited)",
					"@executable_path/Frameworks",
					"@loader_path/Frameworks",
				);
				PRODUCT_BUNDLE_IDENTIFIER = com.prakhar.CREDExpandableViewTests;
				PRODUCT_NAME = "$(TARGET_NAME)";
				SWIFT_VERSION = 5.0;
				TARGETED_DEVICE_FAMILY = "1,2";
			};
			name = Debug;
		};
		C04AF52D24D34ADC0054686E /* Release */ = {
			isa = XCBuildConfiguration;
			buildSettings = {
				ALWAYS_EMBED_SWIFT_STANDARD_LIBRARIES = YES;
				CODE_SIGN_STYLE = Automatic;
				DEVELOPMENT_TEAM = 5UGDG4B2MG;
				INFOPLIST_FILE = CREDExpandableViewTests/Info.plist;
				LD_RUNPATH_SEARCH_PATHS = (
					"$(inherited)",
					"@executable_path/Frameworks",
					"@loader_path/Frameworks",
				);
				PRODUCT_BUNDLE_IDENTIFIER = com.prakhar.CREDExpandableViewTests;
				PRODUCT_NAME = "$(TARGET_NAME)";
				SWIFT_VERSION = 5.0;
				TARGETED_DEVICE_FAMILY = "1,2";
			};
			name = Release;
		};
/* End XCBuildConfiguration section */

/* Begin XCConfigurationList section */
		C04AF50E24D34ADC0054686E /* Build configuration list for PBXProject "CREDExpandableView" */ = {
			isa = XCConfigurationList;
			buildConfigurations = (
				C04AF52624D34ADC0054686E /* Debug */,
				C04AF52724D34ADC0054686E /* Release */,
			);
			defaultConfigurationIsVisible = 0;
			defaultConfigurationName = Release;
		};
		C04AF52824D34ADC0054686E /* Build configuration list for PBXNativeTarget "CREDExpandableView" */ = {
			isa = XCConfigurationList;
			buildConfigurations = (
				C04AF52924D34ADC0054686E /* Debug */,
				C04AF52A24D34ADC0054686E /* Release */,
			);
			defaultConfigurationIsVisible = 0;
			defaultConfigurationName = Release;
		};
		C04AF52B24D34ADC0054686E /* Build configuration list for PBXNativeTarget "CREDExpandableViewTests" */ = {
			isa = XCConfigurationList;
			buildConfigurations = (
				C04AF52C24D34ADC0054686E /* Debug */,
				C04AF52D24D34ADC0054686E /* Release */,
			);
			defaultConfigurationIsVisible = 0;
			defaultConfigurationName = Release;
		};
/* End XCConfigurationList section */
	};
	rootObject = C04AF50B24D34ADC0054686E /* Project object */;
}
